
Microsoft Visual Studio Solution File, Format Version 12.00
# Visual Studio 15
VisualStudioVersion = 15.0.28307.539
MinimumVisualStudioVersion = 10.0.40219.1
Project("{FAE04EC0-301F-11D3-BF4B-00C04F79EFBC}") = "lab_csharp", "lab_csharp\lab_csharp.csproj", "{5C38AA50-1081-4DF1-8A88-81924DFC91DC}"
EndProject
Global
	GlobalSection(SolutionConfigurationPlatforms) = preSolution
		Debug|Any CPU = Debug|Any CPU
		Release|Any CPU = Release|Any CPU
	EndGlobalSection
	GlobalSection(ProjectConfigurationPlatforms) = postSolution
		{5C38AA50-1081-4DF1-8A88-81924DFC91DC}.Debug|Any CPU.ActiveCfg = Debug|Any CPU
		{5C38AA50-1081-4DF1-8A88-81924DFC91DC}.Debug|Any CPU.Build.0 = Debug|Any CPU
		{5C38AA50-1081-4DF1-8A88-81924DFC91DC}.Release|Any CPU.ActiveCfg = Release|Any CPU
		{5C38AA50-1081-4DF1-8A88-81924DFC91DC}.Release|Any CPU.Build.0 = Release|Any CPU
	EndGlobalSection
	GlobalSection(SolutionProperties) = preSolution
		HideSolutionNode = FALSE
	EndGlobalSection
	GlobalSection(ExtensibilityGlobals) = postSolution
		SolutionGuid = {35D5FD89-2E6B-4C52-8227-88F551B7746C}
	EndGlobalSection
EndGlobal
